# @generated - this file is auto-generated by `mise lock` https://mise.jdx.dev/dev-tools/mise-lock.html

lockfile_version = 2

[[tools."aqua:securego/gosec"]]
version = "2.29.0"
backend = "aqua:securego/gosec"
specifiers = ["2.29.0"]

[tools."aqua:securego/gosec"."platforms.linux-arm64"]
checksum = "sha256:c71244ec8d37488fd479d0d26990968fee03ece48b305d8224ac0c1ebd66e87c"
url = "https://github.com/securego/gosec/releases/download/v2.29.0/gosec_2.29.0_linux_arm64.tar.gz"
url_api = "https://api.github.com/repos/securego/gosec/releases/assets/530520762"
provenance = "cosign"

[tools."aqua:securego/gosec"."platforms.linux-arm64-musl"]
checksum = "sha256:c71244ec8d37488fd479d0d26990968fee03ece48b305d8224ac0c1ebd66e87c"
url = "https://github.com/securego/gosec/releases/download/v2.29.0/gosec_2.29.0_linux_arm64.tar.gz"
url_api = "https://api.github.com/repos/securego/gosec/releases/assets/530520762"
provenance = "cosign"

[tools."aqua:securego/gosec"."platforms.linux-x64"]
checksum = "sha256:6431b119741c1f4a50fdfcf94e782e16b9e642afc8c7fa9b5d39d48bf3003095"
url = "https://github.com/securego/gosec/releases/download/v2.29.0/gosec_2.29.0_linux_amd64.tar.gz"
url_api = "https://api.github.com/repos/securego/gosec/releases/assets/530520801"
provenance = "cosign"

[tools."aqua:securego/gosec"."platforms.linux-x64-musl"]
checksum = "sha256:6431b119741c1f4a50fdfcf94e782e16b9e642afc8c7fa9b5d39d48bf3003095"
url = "https://github.com/securego/gosec/releases/download/v2.29.0/gosec_2.29.0_linux_amd64.tar.gz"
url_api = "https://api.github.com/repos/securego/gosec/releases/assets/530520801"
provenance = "cosign"

[tools."aqua:securego/gosec"."platforms.macos-arm64"]
checksum = "sha256:7ab6a92c1983b7cb9df12b3ac20fb270afa43cfa12a143c354edae3109c763e5"
url = "https://github.com/securego/gosec/releases/download/v2.29.0/gosec_2.29.0_darwin_arm64.tar.gz"
url_api = "https://api.github.com/repos/securego/gosec/releases/assets/530520761"
provenance = "cosign"

[tools."aqua:securego/gosec"."platforms.macos-x64"]
checksum = "sha256:a48152c3c009988f1750b6508316339c8b55076d24b1a958789e30ea2a21794c"
url = "https://github.com/securego/gosec/releases/download/v2.29.0/gosec_2.29.0_darwin_amd64.tar.gz"
url_api = "https://api.github.com/repos/securego/gosec/releases/assets/530520763"
provenance = "cosign"

[tools."aqua:securego/gosec"."platforms.windows-x64"]
checksum = "sha256:67cd5ca3a80280b27102a8d6482e7124e8a47bda240412a0fcd1bb7f1be96faf"
url = "https://github.com/securego/gosec/releases/download/v2.29.0/gosec_2.29.0_windows_amd64.tar.gz"
url_api = "https://api.github.com/repos/securego/gosec/releases/assets/530520799"
provenance = "cosign"

[[tools.go]]
version = "1.27.1"
backend = "core:go"
specifiers = ["1.27.1"]

[tools.go."platforms.linux-arm64"]
checksum = "sha256:3450b45a3f9ee8568792736a5c5e70a1f2e9b36c35a8f74958c03e51d7d92bec"
url = "https://dl.google.com/go/go1.27.1.linux-arm64.tar.gz"

[tools.go."platforms.linux-arm64-musl"]
checksum = "sha256:3450b45a3f9ee8568792736a5c5e70a1f2e9b36c35a8f74958c03e51d7d92bec"
url = "https://dl.google.com/go/go1.27.1.linux-arm64.tar.gz"

[tools.go."platforms.linux-x64"]
checksum = "sha256:63d339f0da5ab53635a56f2490a7984dfe12dfcff22ad749f63edaf590168445"
url = "https://dl.google.com/go/go1.27.1.linux-amd64.tar.gz"

[tools.go."platforms.linux-x64-musl"]
checksum = "sha256:63d339f0da5ab53635a56f2490a7984dfe12dfcff22ad749f63edaf590168445"
url = "https://dl.google.com/go/go1.27.1.linux-amd64.tar.gz"

[tools.go."platforms.macos-arm64"]
checksum = "sha256:ee215d57e0ec269c60cc9ceca68e6bda321ba9ee5afe24f4b0988703c2d87d12"
url = "https://dl.google.com/go/go1.27.1.darwin-arm64.tar.gz"

[tools.go."platforms.macos-x64"]
checksum = "sha256:8f8f52c6649542cf027bbc9b9c68d1ec042f9f34808a40413f0b8b3f66f3caa4"
url = "https://dl.google.com/go/go1.27.1.darwin-amd64.tar.gz"

[tools.go."platforms.windows-x64"]
checksum = "sha256:a3911b5e0e1b1053f25ed0675f4c1c6aad1e2bfcf253df2b9be4caabd2edd95d"
url = "https://dl.google.com/go/go1.27.1.windows-amd64.zip"

[[tools."go:golang.org/x/vuln/cmd/govulncheck"]]
version = "1.8.0"
backend = "go:golang.org/x/vuln/cmd/govulncheck"
specifiers = ["v1.8.0"]

[[tools.golangci-lint]]
version = "2.14.0"
backend = "aqua:golangci/golangci-lint"
specifiers = ["2.14.0"]

[tools.golangci-lint."platforms.linux-arm64"]
checksum = "sha256:ee7ec5f3453d15ddf106fae5a4d6c71737712348a979d1fe9cd52ec7ea299bae"
url = "https://github.com/golangci/golangci-lint/releases/download/v2.14.0/golangci-lint-2.14.0-linux-arm64.tar.gz"
url_api = "https://api.github.com/repos/golangci/golangci-lint/releases/assets/585813674"
provenance = "github-attestations"

[tools.golangci-lint."platforms.linux-arm64-musl"]
checksum = "sha256:ee7ec5f3453d15ddf106fae5a4d6c71737712348a979d1fe9cd52ec7ea299bae"
url = "https://github.com/golangci/golangci-lint/releases/download/v2.14.0/golangci-lint-2.14.0-linux-arm64.tar.gz"
url_api = "https://api.github.com/repos/golangci/golangci-lint/releases/assets/585813674"
provenance = "github-attestations"

[tools.golangci-lint."platforms.linux-x64"]
checksum = "sha256:ab90aeb7b066f92a33415b638a50fe5344bbb75a0d32ad30cc248d88f81032ab"
url = "https://github.com/golangci/golangci-lint/releases/download/v2.14.0/golangci-lint-2.14.0-linux-amd64.tar.gz"
url_api = "https://api.github.com/repos/golangci/golangci-lint/releases/assets/585813815"
provenance = "github-attestations"

[tools.golangci-lint."platforms.linux-x64-musl"]
checksum = "sha256:ab90aeb7b066f92a33415b638a50fe5344bbb75a0d32ad30cc248d88f81032ab"
url = "https://github.com/golangci/golangci-lint/releases/download/v2.14.0/golangci-lint-2.14.0-linux-amd64.tar.gz"
url_api = "https://api.github.com/repos/golangci/golangci-lint/releases/assets/585813815"
provenance = "github-attestations"

[tools.golangci-lint."platforms.macos-arm64"]
checksum = "sha256:5ef5f36a7147e91dc58ef9ef4d11bb7bad5ead0c76eb6c01327a73c641d1dcc3"
url = "https://github.com/golangci/golangci-lint/releases/download/v2.14.0/golangci-lint-2.14.0-darwin-arm64.tar.gz"
url_api = "https://api.github.com/repos/golangci/golangci-lint/releases/assets/585813591"
provenance = "github-attestations"

[tools.golangci-lint."platforms.macos-x64"]
checksum = "sha256:a5667c1c3536be1740133213e1e822bfb8f0d98ea12903174d6d5f635e4ed68d"
url = "https://github.com/golangci/golangci-lint/releases/download/v2.14.0/golangci-lint-2.14.0-darwin-amd64.tar.gz"
url_api = "https://api.github.com/repos/golangci/golangci-lint/releases/assets/585813755"
provenance = "github-attestations"

[tools.golangci-lint."platforms.windows-x64"]
checksum = "sha256:b15f903d1649283a2ab6e8d2f0c317eaf1f9f6b3763950e7e8b7e72a43dd724f"
url = "https://github.com/golangci/golangci-lint/releases/download/v2.14.0/golangci-lint-2.14.0-windows-amd64.zip"
url_api = "https://api.github.com/repos/golangci/golangci-lint/releases/assets/585813793"
provenance = "github-attestations"

[[tools.goreleaser]]
version = "2.18.2"
backend = "aqua:goreleaser/goreleaser"
specifiers = ["2.18.2"]

[tools.goreleaser."platforms.linux-arm64"]
checksum = "sha256:a71681b29194f08f057a68cfcaa5c6b15d907a83a2622c51900c4faff828f322"
url = "https://github.com/goreleaser/goreleaser/releases/download/v2.18.2/goreleaser_Linux_arm64.tar.gz"
url_api = "https://api.github.com/repos/goreleaser/goreleaser/releases/assets/569382435"
provenance = "github-attestations"

[tools.goreleaser."platforms.linux-arm64-musl"]
checksum = "sha256:a71681b29194f08f057a68cfcaa5c6b15d907a83a2622c51900c4faff828f322"
url = "https://github.com/goreleaser/goreleaser/releases/download/v2.18.2/goreleaser_Linux_arm64.tar.gz"
url_api = "https://api.github.com/repos/goreleaser/goreleaser/releases/assets/569382435"
provenance = "github-attestations"

[tools.goreleaser."platforms.linux-x64"]
checksum = "sha256:0a96edc9d9bc594e4a41cc4d59467c182062910ab24d9d1f6dd7b667d32606d3"
url = "https://github.com/goreleaser/goreleaser/releases/download/v2.18.2/goreleaser_Linux_x86_64.tar.gz"
url_api = "https://api.github.com/repos/goreleaser/goreleaser/releases/assets/569382334"
provenance = "github-attestations"

[tools.goreleaser."platforms.linux-x64-musl"]
checksum = "sha256:0a96edc9d9bc594e4a41cc4d59467c182062910ab24d9d1f6dd7b667d32606d3"
url = "https://github.com/goreleaser/goreleaser/releases/download/v2.18.2/goreleaser_Linux_x86_64.tar.gz"
url_api = "https://api.github.com/repos/goreleaser/goreleaser/releases/assets/569382334"
provenance = "github-attestations"

[tools.goreleaser."platforms.macos-arm64"]
checksum = "sha256:4bfd26942aa0f78e275cad3e49144a7c5ce2e8a34f7d0e9d34c718125766ba12"
url = "https://github.com/goreleaser/goreleaser/releases/download/v2.18.2/goreleaser_Darwin_all.tar.gz"
url_api = "https://api.github.com/repos/goreleaser/goreleaser/releases/assets/569382437"
provenance = "github-attestations"

[tools.goreleaser."platforms.macos-x64"]
checksum = "sha256:4bfd26942aa0f78e275cad3e49144a7c5ce2e8a34f7d0e9d34c718125766ba12"
url = "https://github.com/goreleaser/goreleaser/releases/download/v2.18.2/goreleaser_Darwin_all.tar.gz"
url_api = "https://api.github.com/repos/goreleaser/goreleaser/releases/assets/569382437"
provenance = "github-attestations"

[tools.goreleaser."platforms.windows-x64"]
checksum = "sha256:de61a8e7a064abb14210b16c942facd299643d83341c5cd293f19155a7c8b95f"
url = "https://github.com/goreleaser/goreleaser/releases/download/v2.18.2/goreleaser_Windows_x86_64.zip"
url_api = "https://api.github.com/repos/goreleaser/goreleaser/releases/assets/569382470"
provenance = "github-attestations"

[[tools.pulumi]]
version = "3.265.0"
backend = "aqua:pulumi/pulumi"
specifiers = ["3.265.0"]

[tools.pulumi."platforms.linux-arm64"]
checksum = "sha256:55f2acb3db3618ec7405cbdf2bb21566fdf46c282a92ef419d9b1d7298a83ee4"
url = "https://github.com/pulumi/pulumi/releases/download/v3.265.0/pulumi-v3.265.0-linux-arm64.tar.gz"
url_api = "https://api.github.com/repos/pulumi/pulumi/releases/assets/588945074"
provenance = "cosign"

[tools.pulumi."platforms.linux-arm64-musl"]
checksum = "sha256:55f2acb3db3618ec7405cbdf2bb21566fdf46c282a92ef419d9b1d7298a83ee4"
url = "https://github.com/pulumi/pulumi/releases/download/v3.265.0/pulumi-v3.265.0-linux-arm64.tar.gz"
url_api = "https://api.github.com/repos/pulumi/pulumi/releases/assets/588945074"
provenance = "cosign"

[tools.pulumi."platforms.linux-x64"]
checksum = "sha256:a7eff63bc539e4319a8add7383a01e427aef74a8994bcf5e6a9d12bf9d674979"
url = "https://github.com/pulumi/pulumi/releases/download/v3.265.0/pulumi-v3.265.0-linux-x64.tar.gz"
url_api = "https://api.github.com/repos/pulumi/pulumi/releases/assets/588945181"
provenance = "cosign"

[tools.pulumi."platforms.linux-x64-musl"]
checksum = "sha256:a7eff63bc539e4319a8add7383a01e427aef74a8994bcf5e6a9d12bf9d674979"
url = "https://github.com/pulumi/pulumi/releases/download/v3.265.0/pulumi-v3.265.0-linux-x64.tar.gz"
url_api = "https://api.github.com/repos/pulumi/pulumi/releases/assets/588945181"
provenance = "cosign"

[tools.pulumi."platforms.macos-arm64"]
checksum = "sha256:659e825627a45e781a290df53f801f60a21e0c206f351d08d68beadbb1fbaafe"
url = "https://github.com/pulumi/pulumi/releases/download/v3.265.0/pulumi-v3.265.0-darwin-arm64.tar.gz"
url_api = "https://api.github.com/repos/pulumi/pulumi/releases/assets/588944779"
provenance = "cosign"

[tools.pulumi."platforms.macos-x64"]
checksum = "sha256:ef23180967a62aed4fe86fd64e0a2814d907a112952e93af7e354ed7f9ca3f8a"
url = "https://github.com/pulumi/pulumi/releases/download/v3.265.0/pulumi-v3.265.0-darwin-x64.tar.gz"
url_api = "https://api.github.com/repos/pulumi/pulumi/releases/assets/588944928"
provenance = "cosign"

[tools.pulumi."platforms.windows-x64"]
checksum = "sha256:5adc166af62b18532d25ce1a71bdb1f1e326db65ff0e32044275d7c3af51993d"
url = "https://github.com/pulumi/pulumi/releases/download/v3.265.0/pulumi-v3.265.0-windows-x64.zip"
url_api = "https://api.github.com/repos/pulumi/pulumi/releases/assets/588945462"
provenance = "cosign"

[[tools.svu]]
version = "3.4.1"
backend = "aqua:caarlos0/svu"
specifiers = ["3.4.1"]

[tools.svu."platforms.linux-arm64"]
checksum = "sha256:801f310be2f91df86868a2de1f61fefaf06e3eb773431be7dde9765ecde4d21c"
url = "https://github.com/caarlos0/svu/releases/download/v3.4.1/svu_3.4.1_linux_arm64.tar.gz"
url_api = "https://api.github.com/repos/caarlos0/svu/releases/assets/410001856"
provenance = "cosign"

[tools.svu."platforms.linux-arm64-musl"]
checksum = "sha256:801f310be2f91df86868a2de1f61fefaf06e3eb773431be7dde9765ecde4d21c"
url = "https://github.com/caarlos0/svu/releases/download/v3.4.1/svu_3.4.1_linux_arm64.tar.gz"
url_api = "https://api.github.com/repos/caarlos0/svu/releases/assets/410001856"
provenance = "cosign"

[tools.svu."platforms.linux-x64"]
checksum = "sha256:7ee8c91998c15109130638dc661a912d5f426e2f8642f6f6c04e6502be920770"
url = "https://github.com/caarlos0/svu/releases/download/v3.4.1/svu_3.4.1_linux_amd64.tar.gz"
url_api = "https://api.github.com/repos/caarlos0/svu/releases/assets/410001859"
provenance = "cosign"

[tools.svu."platforms.linux-x64-musl"]
checksum = "sha256:7ee8c91998c15109130638dc661a912d5f426e2f8642f6f6c04e6502be920770"
url = "https://github.com/caarlos0/svu/releases/download/v3.4.1/svu_3.4.1_linux_amd64.tar.gz"
url_api = "https://api.github.com/repos/caarlos0/svu/releases/assets/410001859"
provenance = "cosign"

[tools.svu."platforms.macos-arm64"]
checksum = "sha256:aeec0a735f12d6313c5b4f295ac2f86e00b56571d241abe5aa0306b41f43efd7"
url = "https://github.com/caarlos0/svu/releases/download/v3.4.1/svu_3.4.1_darwin_all.tar.gz"
url_api = "https://api.github.com/repos/caarlos0/svu/releases/assets/410001878"
provenance = "cosign"

[tools.svu."platforms.macos-x64"]
checksum = "sha256:aeec0a735f12d6313c5b4f295ac2f86e00b56571d241abe5aa0306b41f43efd7"
url = "https://github.com/caarlos0/svu/releases/download/v3.4.1/svu_3.4.1_darwin_all.tar.gz"
url_api = "https://api.github.com/repos/caarlos0/svu/releases/assets/410001878"
provenance = "cosign"

[tools.svu."platforms.windows-x64"]
checksum = "sha256:7f8d17beb8fbe4a5c6e232072e93a71c8338173dafd95eda898bd1838d12b14e"
url = "https://github.com/caarlos0/svu/releases/download/v3.4.1/svu_3.4.1_windows_amd64.zip"
url_api = "https://api.github.com/repos/caarlos0/svu/releases/assets/410001860"
provenance = "cosign"

[[tools.syft]]
version = "1.54.0"
backend = "aqua:anchore/syft"
specifiers = ["1.54.0"]

[tools.syft."platforms.linux-arm64"]
checksum = "sha256:ee6d4566373a05b344bc6b5f1706f14419bf9338ba39ff686e247deefe9b8818"
url = "https://github.com/anchore/syft/releases/download/v1.54.0/syft_1.54.0_linux_arm64.tar.gz"
url_api = "https://api.github.com/repos/anchore/syft/releases/assets/604117598"

[tools.syft."platforms.linux-arm64-musl"]
checksum = "sha256:ee6d4566373a05b344bc6b5f1706f14419bf9338ba39ff686e247deefe9b8818"
url = "https://github.com/anchore/syft/releases/download/v1.54.0/syft_1.54.0_linux_arm64.tar.gz"
url_api = "https://api.github.com/repos/anchore/syft/releases/assets/604117598"

[tools.syft."platforms.linux-x64"]
checksum = "sha256:54a87372498168b2d033e876fd41fa4e8035b872699e525a57046e1f2f09c860"
url = "https://github.com/anchore/syft/releases/download/v1.54.0/syft_1.54.0_linux_amd64.tar.gz"
url_api = "https://api.github.com/repos/anchore/syft/releases/assets/604117627"

[tools.syft."platforms.linux-x64-musl"]
checksum = "sha256:54a87372498168b2d033e876fd41fa4e8035b872699e525a57046e1f2f09c860"
url = "https://github.com/anchore/syft/releases/download/v1.54.0/syft_1.54.0_linux_amd64.tar.gz"
url_api = "https://api.github.com/repos/anchore/syft/releases/assets/604117627"

[tools.syft."platforms.macos-arm64"]
checksum = "sha256:7e0bdad94c569fc6d5785c9a657bbae3d4c4e140ccb5eace3d0b5b6bc2b6dbcf"
url = "https://github.com/anchore/syft/releases/download/v1.54.0/syft_1.54.0_darwin_arm64.tar.gz"
url_api = "https://api.github.com/repos/anchore/syft/releases/assets/604117599"

[tools.syft."platforms.macos-x64"]
checksum = "sha256:22b71725e388a4c0de385249c4bc1044f78a870f2894f34b43ba957e792145d7"
url = "https://github.com/anchore/syft/releases/download/v1.54.0/syft_1.54.0_darwin_amd64.tar.gz"
url_api = "https://api.github.com/repos/anchore/syft/releases/assets/604117610"

[tools.syft."platforms.windows-x64"]
checksum = "sha256:77f4b472779058e819eec9a054753a5071a996aaa40db31a290f8b256748593f"
url = "https://github.com/anchore/syft/releases/download/v1.54.0/syft_1.54.0_windows_amd64.zip"
url_api = "https://api.github.com/repos/anchore/syft/releases/assets/604117608"
